
Microsoft Visual Studio Solution File, Format Version 12.00
# Visual Studio Version 16
VisualStudioVersion = 16.0.28407.52
MinimumVisualStudioVersion = 10.0.40219.1
Project("{FAE04EC0-301F-11D3-BF4B-00C04F79EFBC}") = "Monstrosity.Portal", "Monstrosity.Portal\Monstrosity.Portal.csproj", "{8CB90C7A-AE00-404C-BFFB-3FF2635A450A}"
EndProject
Project("{FAE04EC0-301F-11D3-BF4B-00C04F79EFBC}") = "Monstrosity.DAL", "Monstrosity.DAL\Monstrosity.DAL.csproj", "{FB450D25-8904-49E7-84D5-E740059D62FE}"
EndProject
Project("{FAE04EC0-301F-11D3-BF4B-00C04F79EFBC}") = "Monstrosity.BLL", "Monstrosity.BLL\Monstrosity.BLL.csproj", "{BD888DF6-2ED1-424A-BF9A-763F1D4AFF07}"
EndProject
Global
	GlobalSection(SolutionConfigurationPlatforms) = preSolution
		Debug|Any CPU = Debug|Any CPU
		Release|Any CPU = Release|Any CPU
	EndGlobalSection
	GlobalSection(ProjectConfigurationPlatforms) = postSolution
		{8CB90C7A-AE00-404C-BFFB-3FF2635A450A}.Debug|Any CPU.ActiveCfg = Debug|Any CPU
		{8CB90C7A-AE00-404C-BFFB-3FF2635A450A}.Debug|Any CPU.Build.0 = Debug|Any CPU
		{8CB90C7A-AE00-404C-BFFB-3FF2635A450A}.Release|Any CPU.ActiveCfg = Release|Any CPU
		{8CB90C7A-AE00-404C-BFFB-3FF2635A450A}.Release|Any CPU.Build.0 = Release|Any CPU
		{FB450D25-8904-49E7-84D5-E740059D62FE}.Debug|Any CPU.ActiveCfg = Debug|Any CPU
		{FB450D25-8904-49E7-84D5-E740059D62FE}.Debug|Any CPU.Build.0 = Debug|Any CPU
		{FB450D25-8904-49E7-84D5-E740059D62FE}.Release|Any CPU.ActiveCfg = Release|Any CPU
		{FB450D25-8904-49E7-84D5-E740059D62FE}.Release|Any CPU.Build.0 = Release|Any CPU
		{BD888DF6-2ED1-424A-BF9A-763F1D4AFF07}.Debug|Any CPU.ActiveCfg = Debug|Any CPU
		{BD888DF6-2ED1-424A-BF9A-763F1D4AFF07}.Debug|Any CPU.Build.0 = Debug|Any CPU
		{BD888DF6-2ED1-424A-BF9A-763F1D4AFF07}.Release|Any CPU.ActiveCfg = Release|Any CPU
		{BD888DF6-2ED1-424A-BF9A-763F1D4AFF07}.Release|Any CPU.Build.0 = Release|Any CPU
	EndGlobalSection
	GlobalSection(SolutionProperties) = preSolution
		HideSolutionNode = FALSE
	EndGlobalSection
	GlobalSection(ExtensibilityGlobals) = postSolution
		SolutionGuid = {5521B37E-6F4B-4B52-8C80-56A5787EB067}
	EndGlobalSection
EndGlobal
